// !$*UTF8*$!
{
	archiveVersion = 1;
	classes = {
	};
	objectVersion = 56;
	objects = {

/* Begin PBXBuildFile section */
		D8336FDF2A8BAF9A00115B00 /* SwiftUI_MVVMApp.swift in Sources */ = {isa = PBXBuildFile; fileRef = D8336FDE2A8BAF9A00115B00 /* SwiftUI_MVVMApp.swift */; };
		D8336FE12A8BAF9A00115B00 /* ContentView.swift in Sources */ = {isa = PBXBuildFile; fileRef = D8336FE02A8BAF9A00115B00 /* ContentView.swift */; };
		D8336FE32A8BAF9B00115B00 /* Assets.xcassets in Resources */ = {isa = PBXBuildFile; fileRef = D8336FE22A8BAF9B00115B00 /* Assets.xcassets */; };
		D8336FE62A8BAF9B00115B00 /* Preview Assets.xcassets in Resources */ = {isa = PBXBuildFile; fileRef = D8336FE52A8BAF9B00115B00 /* Preview Assets.xcassets */; };
		D8336FF02A8BAF9B00115B00 /* SwiftUI_MVVMTests.swift in Sources */ = {isa = PBXBuildFile; fileRef = D8336FEF2A8BAF9B00115B00 /* SwiftUI_MVVMTests.swift */; };
		D8336FFA2A8BAF9B00115B00 /* SwiftUI_MVVMUITests.swift in Sources */ = {isa = PBXBuildFile; fileRef = D8336FF92A8BAF9B00115B00 /* SwiftUI_MVVMUITests.swift */; };
		D8336FFC2A8BAF9B00115B00 /* SwiftUI_MVVMUITestsLaunchTests.swift in Sources */ = {isa = PBXBuildFile; fileRef = D8336FFB2A8BAF9B00115B00 /* SwiftUI_MVVMUITestsLaunchTests.swift */; };
		D83370102A8BB41E00115B00 /* Delivery.swift in Sources */ = {isa = PBXBuildFile; fileRef = D833700F2A8BB41E00115B00 /* Delivery.swift */; };
		D83370122A8BB49800115B00 /* Route.swift in Sources */ = {isa = PBXBuildFile; fileRef = D83370112A8BB49800115B00 /* Route.swift */; };
		D83370142A8BB4B400115B00 /* Sender.swift in Sources */ = {isa = PBXBuildFile; fileRef = D83370132A8BB4B400115B00 /* Sender.swift */; };
		D83370182A8BB71100115B00 /* DeliveryListView.swift in Sources */ = {isa = PBXBuildFile; fileRef = D83370172A8BB71100115B00 /* DeliveryListView.swift */; };
		D833701B2A8BB7A200115B00 /* GetDeliveries.swift in Sources */ = {isa = PBXBuildFile; fileRef = D833701A2A8BB7A200115B00 /* GetDeliveries.swift */; };
		D83370212A8BB81300115B00 /* DeliveriesRepository.swift in Sources */ = {isa = PBXBuildFile; fileRef = D83370202A8BB81300115B00 /* DeliveriesRepository.swift */; };
		D83370252A8BB8D900115B00 /* DeliveriesRepositoryImpl.swift in Sources */ = {isa = PBXBuildFile; fileRef = D83370242A8BB8D900115B00 /* DeliveriesRepositoryImpl.swift */; };
		D83370272A8BB92400115B00 /* DeliveriesWebservice.swift in Sources */ = {isa = PBXBuildFile; fileRef = D83370262A8BB92400115B00 /* DeliveriesWebservice.swift */; };
		D83370292A8BBA0900115B00 /* DeliveriesLocalStorage.swift in Sources */ = {isa = PBXBuildFile; fileRef = D83370282A8BBA0900115B00 /* DeliveriesLocalStorage.swift */; };
		D83370332A8BBC5F00115B00 /* Delivery+stub.swift in Sources */ = {isa = PBXBuildFile; fileRef = D83370322A8BBC5F00115B00 /* Delivery+stub.swift */; };
		D83370352A8BBC7300115B00 /* Route+stub.swift in Sources */ = {isa = PBXBuildFile; fileRef = D83370342A8BBC7300115B00 /* Route+stub.swift */; };
		D83370372A8BBC7800115B00 /* Sender+stub.swift in Sources */ = {isa = PBXBuildFile; fileRef = D83370362A8BBC7800115B00 /* Sender+stub.swift */; };
		D833703B2A8BBEFB00115B00 /* MockDeliveriesRepository.swift in Sources */ = {isa = PBXBuildFile; fileRef = D833703A2A8BBEFB00115B00 /* MockDeliveriesRepository.swift */; };
		D833703F2A8BC31600115B00 /* MockDeliveriesLocalStorage.swift in Sources */ = {isa = PBXBuildFile; fileRef = D833703E2A8BC31600115B00 /* MockDeliveriesLocalStorage.swift */; };
		D83370422A8BC38800115B00 /* MockDeliveriesWebservice.swift in Sources */ = {isa = PBXBuildFile; fileRef = D83370412A8BC38800115B00 /* MockDeliveriesWebservice.swift */; };
		D83370442A8BC41D00115B00 /* GetDeliveriesTests.swift in Sources */ = {isa = PBXBuildFile; fileRef = D83370432A8BC41D00115B00 /* GetDeliveriesTests.swift */; };
		D83370462A8CF99600115B00 /* DeliveriesRepositoryTests.swift in Sources */ = {isa = PBXBuildFile; fileRef = D83370452A8CF99600115B00 /* DeliveriesRepositoryTests.swift */; };
		D833704A2A8CFB4200115B00 /* DeliveryListViewModel.swift in Sources */ = {isa = PBXBuildFile; fileRef = D83370492A8CFB4200115B00 /* DeliveryListViewModel.swift */; };
		D833704E2A8CFF8600115B00 /* DeliveryRowView.swift in Sources */ = {isa = PBXBuildFile; fileRef = D833704D2A8CFF8600115B00 /* DeliveryRowView.swift */; };
		D83370502A8D01E200115B00 /* DeliveryRowViewModel.swift in Sources */ = {isa = PBXBuildFile; fileRef = D833704F2A8D01E200115B00 /* DeliveryRowViewModel.swift */; };
		D83370562A8D07E300115B00 /* DeliveryDetailViewModel.swift in Sources */ = {isa = PBXBuildFile; fileRef = D83370552A8D07E300115B00 /* DeliveryDetailViewModel.swift */; };
		D83370582A8D07EE00115B00 /* DeliveryDetailView.swift in Sources */ = {isa = PBXBuildFile; fileRef = D83370572A8D07EE00115B00 /* DeliveryDetailView.swift */; };
/* End PBXBuildFile section */

/* Begin PBXContainerItemProxy section */
		D8336FEC2A8BAF9B00115B00 /* PBXContainerItemProxy */ = {
			isa = PBXContainerItemProxy;
			containerPortal = D8336FD32A8BAF9A00115B00 /* Project object */;
			proxyType = 1;
			remoteGlobalIDString = D8336FDA2A8BAF9A00115B00;
			remoteInfo = "SwiftUI-MVVM";
		};
		D8336FF62A8BAF9B00115B00 /* PBXContainerItemProxy */ = {
			isa = PBXContainerItemProxy;
			containerPortal = D8336FD32A8BAF9A00115B00 /* Project object */;
			proxyType = 1;
			remoteGlobalIDString = D8336FDA2A8BAF9A00115B00;
			remoteInfo = "SwiftUI-MVVM";
		};
/* End PBXContainerItemProxy section */

/* Begin PBXFileReference section */
		D8336FDB2A8BAF9A00115B00 /* SwiftUI-MVVM.app */ = {isa = PBXFileReference; explicitFileType = wrapper.application; includeInIndex = 0; path = "SwiftUI-MVVM.app"; sourceTree = BUILT_PRODUCTS_DIR; };
		D8336FDE2A8BAF9A00115B00 /* SwiftUI_MVVMApp.swift */ = {isa = PBXFileReference; lastKnownFileType = sourcecode.swift; path = SwiftUI_MVVMApp.swift; sourceTree = "<group>"; };
		D8336FE02A8BAF9A00115B00 /* ContentView.swift */ = {isa = PBXFileReference; lastKnownFileType = sourcecode.swift; path = ContentView.swift; sourceTree = "<group>"; };
		D8336FE22A8BAF9B00115B00 /* Assets.xcassets */ = {isa = PBXFileReference; lastKnownFileType = folder.assetcatalog; path = Assets.xcassets; sourceTree = "<group>"; };
		D8336FE52A8BAF9B00115B00 /* Preview Assets.xcassets */ = {isa = PBXFileReference; lastKnownFileType = folder.assetcatalog; path = "Preview Assets.xcassets"; sourceTree = "<group>"; };
		D8336FEB2A8BAF9B00115B00 /* SwiftUI-MVVMTests.xctest */ = {isa = PBXFileReference; explicitFileType = wrapper.cfbundle; includeInIndex = 0; path = "SwiftUI-MVVMTests.xctest"; sourceTree = BUILT_PRODUCTS_DIR; };
		D8336FEF2A8BAF9B00115B00 /* SwiftUI_MVVMTests.swift */ = {isa = PBXFileReference; lastKnownFileType = sourcecode.swift; path = SwiftUI_MVVMTests.swift; sourceTree = "<group>"; };
		D8336FF52A8BAF9B00115B00 /* SwiftUI-MVVMUITests.xctest */ = {isa = PBXFileReference; explicitFileType = wrapper.cfbundle; includeInIndex = 0; path = "SwiftUI-MVVMUITests.xctest"; sourceTree = BUILT_PRODUCTS_DIR; };
		D8336FF92A8BAF9B00115B00 /* SwiftUI_MVVMUITests.swift */ = {isa = PBXFileReference; lastKnownFileType = sourcecode.swift; path = SwiftUI_MVVMUITests.swift; sourceTree = "<group>"; };
		D8336FFB2A8BAF9B00115B00 /* SwiftUI_MVVMUITestsLaunchTests.swift */ = {isa = PBXFileReference; lastKnownFileType = sourcecode.swift; path = SwiftUI_MVVMUITestsLaunchTests.swift; sourceTree = "<group>"; };
		D833700F2A8BB41E00115B00 /* Delivery.swift */ = {isa = PBXFileReference; lastKnownFileType = sourcecode.swift; path = Delivery.swift; sourceTree = "<group>"; };
		D83370112A8BB49800115B00 /* Route.swift */ = {isa = PBXFileReference; lastKnownFileType = sourcecode.swift; path = Route.swift; sourceTree = "<group>"; };
		D83370132A8BB4B400115B00 /* Sender.swift */ = {isa = PBXFileReference; lastKnownFileType = sourcecode.swift; path = Sender.swift; sourceTree = "<group>"; };
		D83370172A8BB71100115B00 /* DeliveryListView.swift */ = {isa = PBXFileReference; lastKnownFileType = sourcecode.swift; path = DeliveryListView.swift; sourceTree = "<group>"; };
		D833701A2A8BB7A200115B00 /* GetDeliveries.swift */ = {isa = PBXFileReference; lastKnownFileType = sourcecode.swift; path = GetDeliveries.swift; sourceTree = "<group>"; };
		D83370202A8BB81300115B00 /* DeliveriesRepository.swift */ = {isa = PBXFileReference; lastKnownFileType = sourcecode.swift; path = DeliveriesRepository.swift; sourceTree = "<group>"; };
		D83370242A8BB8D900115B00 /* DeliveriesRepositoryImpl.swift */ = {isa = PBXFileReference; lastKnownFileType = sourcecode.swift; path = DeliveriesRepositoryImpl.swift; sourceTree = "<group>"; };
		D83370262A8BB92400115B00 /* DeliveriesWebservice.swift */ = {isa = PBXFileReference; lastKnownFileType = sourcecode.swift; path = DeliveriesWebservice.swift; sourceTree = "<group>"; };
		D83370282A8BBA0900115B00 /* DeliveriesLocalStorage.swift */ = {isa = PBXFileReference; lastKnownFileType = sourcecode.swift; path = DeliveriesLocalStorage.swift; sourceTree = "<group>"; };
		D83370322A8BBC5F00115B00 /* Delivery+stub.swift */ = {isa = PBXFileReference; lastKnownFileType = sourcecode.swift; path = "Delivery+stub.swift"; sourceTree = "<group>"; };
		D83370342A8BBC7300115B00 /* Route+stub.swift */ = {isa = PBXFileReference; lastKnownFileType = sourcecode.swift; path = "Route+stub.swift"; sourceTree = "<group>"; };
		D83370362A8BBC7800115B00 /* Sender+stub.swift */ = {isa = PBXFileReference; lastKnownFileType = sourcecode.swift; path = "Sender+stub.swift"; sourceTree = "<group>"; };
		D833703A2A8BBEFB00115B00 /* MockDeliveriesRepository.swift */ = {isa = PBXFileReference; lastKnownFileType = sourcecode.swift; path = MockDeliveriesRepository.swift; sourceTree = "<group>"; };
		D833703E2A8BC31600115B00 /* MockDeliveriesLocalStorage.swift */ = {isa = PBXFileReference; lastKnownFileType = sourcecode.swift; path = MockDeliveriesLocalStorage.swift; sourceTree = "<group>"; };
		D83370412A8BC38800115B00 /* MockDeliveriesWebservice.swift */ = {isa = PBXFileReference; lastKnownFileType = sourcecode.swift; path = MockDeliveriesWebservice.swift; sourceTree = "<group>"; };
		D83370432A8BC41D00115B00 /* GetDeliveriesTests.swift */ = {isa = PBXFileReference; lastKnownFileType = sourcecode.swift; path = GetDeliveriesTests.swift; sourceTree = "<group>"; };
		D83370452A8CF99600115B00 /* DeliveriesRepositoryTests.swift */ = {isa = PBXFileReference; lastKnownFileType = sourcecode.swift; path = DeliveriesRepositoryTests.swift; sourceTree = "<group>"; };
		D83370492A8CFB4200115B00 /* DeliveryListViewModel.swift */ = {isa = PBXFileReference; lastKnownFileType = sourcecode.swift; path = DeliveryListViewModel.swift; sourceTree = "<group>"; };
		D833704D2A8CFF8600115B00 /* DeliveryRowView.swift */ = {isa = PBXFileReference; lastKnownFileType = sourcecode.swift; path = DeliveryRowView.swift; sourceTree = "<group>"; };
		D833704F2A8D01E200115B00 /* DeliveryRowViewModel.swift */ = {isa = PBXFileReference; lastKnownFileType = sourcecode.swift; path = DeliveryRowViewModel.swift; sourceTree = "<group>"; };
		D83370552A8D07E300115B00 /* DeliveryDetailViewModel.swift */ = {isa = PBXFileReference; lastKnownFileType = sourcecode.swift; path = DeliveryDetailViewModel.swift; sourceTree = "<group>"; };
		D83370572A8D07EE00115B00 /* DeliveryDetailView.swift */ = {isa = PBXFileReference; lastKnownFileType = sourcecode.swift; path = DeliveryDetailView.swift; sourceTree = "<group>"; };
/* End PBXFileReference section */

/* Begin PBXFrameworksBuildPhase section */
		D8336FD82A8BAF9A00115B00 /* Frameworks */ = {
			isa = PBXFrameworksBuildPhase;
			buildActionMask = 2147483647;
			files = (
			);
			runOnlyForDeploymentPostprocessing = 0;
		};
		D8336FE82A8BAF9B00115B00 /* Frameworks */ = {
			isa = PBXFrameworksBuildPhase;
			buildActionMask = 2147483647;
			files = (
			);
			runOnlyForDeploymentPostprocessing = 0;
		};
		D8336FF22A8BAF9B00115B00 /* Frameworks */ = {
			isa = PBXFrameworksBuildPhase;
			buildActionMask = 2147483647;
			files = (
			);
			runOnlyForDeploymentPostprocessing = 0;
		};
/* End PBXFrameworksBuildPhase section */

/* Begin PBXGroup section */
		D8336FD22A8BAF9A00115B00 = {
			isa = PBXGroup;
			children = (
				D8336FDD2A8BAF9A00115B00 /* SwiftUI-MVVM */,
				D8336FEE2A8BAF9B00115B00 /* SwiftUI-MVVMTests */,
				D8336FF82A8BAF9B00115B00 /* SwiftUI-MVVMUITests */,
				D8336FDC2A8BAF9A00115B00 /* Products */,
			);
			sourceTree = "<group>";
		};
		D8336FDC2A8BAF9A00115B00 /* Products */ = {
			isa = PBXGroup;
			children = (
				D8336FDB2A8BAF9A00115B00 /* SwiftUI-MVVM.app */,
				D8336FEB2A8BAF9B00115B00 /* SwiftUI-MVVMTests.xctest */,
				D8336FF52A8BAF9B00115B00 /* SwiftUI-MVVMUITests.xctest */,
			);
			name = Products;
			sourceTree = "<group>";
		};
		D8336FDD2A8BAF9A00115B00 /* SwiftUI-MVVM */ = {
			isa = PBXGroup;
			children = (
				D83370082A8BB03E00115B00 /* Scenes */,
				D8336FDE2A8BAF9A00115B00 /* SwiftUI_MVVMApp.swift */,
				D8336FE02A8BAF9A00115B00 /* ContentView.swift */,
				D8336FE22A8BAF9B00115B00 /* Assets.xcassets */,
				D8336FE42A8BAF9B00115B00 /* Preview Content */,
			);
			path = "SwiftUI-MVVM";
			sourceTree = "<group>";
		};
		D8336FE42A8BAF9B00115B00 /* Preview Content */ = {
			isa = PBXGroup;
			children = (
				D8336FE52A8BAF9B00115B00 /* Preview Assets.xcassets */,
			);
			path = "Preview Content";
			sourceTree = "<group>";
		};
		D8336FEE2A8BAF9B00115B00 /* SwiftUI-MVVMTests */ = {
			isa = PBXGroup;
			children = (
				D833700B2A8BB3E600115B00 /* Scenes */,
				D8336FEF2A8BAF9B00115B00 /* SwiftUI_MVVMTests.swift */,
			);
			path = "SwiftUI-MVVMTests";
			sourceTree = "<group>";
		};
		D8336FF82A8BAF9B00115B00 /* SwiftUI-MVVMUITests */ = {
			isa = PBXGroup;
			children = (
				D8336FF92A8BAF9B00115B00 /* SwiftUI_MVVMUITests.swift */,
				D8336FFB2A8BAF9B00115B00 /* SwiftUI_MVVMUITestsLaunchTests.swift */,
			);
			path = "SwiftUI-MVVMUITests";
			sourceTree = "<group>";
		};
		D83370082A8BB03E00115B00 /* Scenes */ = {
			isa = PBXGroup;
			children = (
				D833700A2A8BB08000115B00 /* Delivery Detail */,
				D83370092A8BB04900115B00 /* Delivery List */,
			);
			path = Scenes;
			sourceTree = "<group>";
		};
		D83370092A8BB04900115B00 /* Delivery List */ = {
			isa = PBXGroup;
			children = (
				D833701D2A8BB7EB00115B00 /* Data */,
				D833701C2A8BB7CF00115B00 /* Domain */,
				D83370162A8BB64200115B00 /* Presentation */,
				D83370152A8BB60500115B00 /* UI */,
			);
			path = "Delivery List";
			sourceTree = "<group>";
		};
		D833700A2A8BB08000115B00 /* Delivery Detail */ = {
			isa = PBXGroup;
			children = (
				D83370542A8D07C500115B00 /* Presentation */,
				D83370512A8D07BC00115B00 /* UI */,
				D833700D2A8BB40A00115B00 /* Domain */,
			);
			path = "Delivery Detail";
			sourceTree = "<group>";
		};
		D833700B2A8BB3E600115B00 /* Scenes */ = {
			isa = PBXGroup;
			children = (
				D833702F2A8BBC4F00115B00 /* Delivery Detail */,
				D833700C2A8BB3EE00115B00 /* Delivery List */,
			);
			path = Scenes;
			sourceTree = "<group>";
		};
		D833700C2A8BB3EE00115B00 /* Delivery List */ = {
			isa = PBXGroup;
			children = (
				D83370382A8BBEED00115B00 /* Data */,
				D833702D2A8BBC3D00115B00 /* Domain */,
			);
			path = "Delivery List";
			sourceTree = "<group>";
		};
		D833700D2A8BB40A00115B00 /* Domain */ = {
			isa = PBXGroup;
			children = (
				D833700E2A8BB41100115B00 /* Model */,
			);
			path = Domain;
			sourceTree = "<group>";
		};
		D833700E2A8BB41100115B00 /* Model */ = {
			isa = PBXGroup;
			children = (
				D833700F2A8BB41E00115B00 /* Delivery.swift */,
				D83370112A8BB49800115B00 /* Route.swift */,
				D83370132A8BB4B400115B00 /* Sender.swift */,
			);
			path = Model;
			sourceTree = "<group>";
		};
		D83370152A8BB60500115B00 /* UI */ = {
			isa = PBXGroup;
			children = (
				D83370172A8BB71100115B00 /* DeliveryListView.swift */,
				D833704D2A8CFF8600115B00 /* DeliveryRowView.swift */,
			);
			path = UI;
			sourceTree = "<group>";
		};
		D83370162A8BB64200115B00 /* Presentation */ = {
			isa = PBXGroup;
			children = (
				D83370492A8CFB4200115B00 /* DeliveryListViewModel.swift */,
				D833704F2A8D01E200115B00 /* DeliveryRowViewModel.swift */,
			);
			path = Presentation;
			sourceTree = "<group>";
		};
		D83370192A8BB78E00115B00 /* Usecases */ = {
			isa = PBXGroup;
			children = (
				D833701A2A8BB7A200115B00 /* GetDeliveries.swift */,
			);
			path = Usecases;
			sourceTree = "<group>";
		};
		D833701C2A8BB7CF00115B00 /* Domain */ = {
			isa = PBXGroup;
			children = (
				D833701F2A8BB7F500115B00 /* Repositories */,
				D83370192A8BB78E00115B00 /* Usecases */,
			);
			path = Domain;
			sourceTree = "<group>";
		};
		D833701D2A8BB7EB00115B00 /* Data */ = {
			isa = PBXGroup;
			children = (
				D83370232A8BB86200115B00 /* Local Storage */,
				D83370222A8BB85D00115B00 /* Webservices */,
				D833701E2A8BB7EF00115B00 /* Repositories */,
			);
			path = Data;
			sourceTree = "<group>";
		};
		D833701E2A8BB7EF00115B00 /* Repositories */ = {
			isa = PBXGroup;
			children = (
				D83370242A8BB8D900115B00 /* DeliveriesRepositoryImpl.swift */,
			);
			path = Repositories;
			sourceTree = "<group>";
		};
		D833701F2A8BB7F500115B00 /* Repositories */ = {
			isa = PBXGroup;
			children = (
				D83370202A8BB81300115B00 /* DeliveriesRepository.swift */,
			);
			path = Repositories;
			sourceTree = "<group>";
		};
		D83370222A8BB85D00115B00 /* Webservices */ = {
			isa = PBXGroup;
			children = (
				D83370262A8BB92400115B00 /* DeliveriesWebservice.swift */,
			);
			path = Webservices;
			sourceTree = "<group>";
		};
		D83370232A8BB86200115B00 /* Local Storage */ = {
			isa = PBXGroup;
			children = (
				D83370282A8BBA0900115B00 /* DeliveriesLocalStorage.swift */,
			);
			path = "Local Storage";
			sourceTree = "<group>";
		};
		D833702D2A8BBC3D00115B00 /* Domain */ = {
			isa = PBXGroup;
			children = (
				D833702E2A8BBC4600115B00 /* Usecases */,
			);
			path = Domain;
			sourceTree = "<group>";
		};
		D833702E2A8BBC4600115B00 /* Usecases */ = {
			isa = PBXGroup;
			children = (
				D83370432A8BC41D00115B00 /* GetDeliveriesTests.swift */,
			);
			path = Usecases;
			sourceTree = "<group>";
		};
		D833702F2A8BBC4F00115B00 /* Delivery Detail */ = {
			isa = PBXGroup;
			children = (
				D83370302A8BBC5600115B00 /* Domain */,
			);
			path = "Delivery Detail";
			sourceTree = "<group>";
		};
		D83370302A8BBC5600115B00 /* Domain */ = {
			isa = PBXGroup;
			children = (
				D83370312A8BBC5900115B00 /* Model */,
			);
			path = Domain;
			sourceTree = "<group>";
		};
		D83370312A8BBC5900115B00 /* Model */ = {
			isa = PBXGroup;
			children = (
				D83370322A8BBC5F00115B00 /* Delivery+stub.swift */,
				D83370342A8BBC7300115B00 /* Route+stub.swift */,
				D83370362A8BBC7800115B00 /* Sender+stub.swift */,
			);
			path = Model;
			sourceTree = "<group>";
		};
		D83370382A8BBEED00115B00 /* Data */ = {
			isa = PBXGroup;
			children = (
				D833703D2A8BC30800115B00 /* Webservices */,
				D833703C2A8BC2F700115B00 /* Local Storage */,
				D83370392A8BBEEF00115B00 /* Repositories */,
			);
			path = Data;
			sourceTree = "<group>";
		};
		D83370392A8BBEEF00115B00 /* Repositories */ = {
			isa = PBXGroup;
			children = (
				D833703A2A8BBEFB00115B00 /* MockDeliveriesRepository.swift */,
				D83370452A8CF99600115B00 /* DeliveriesRepositoryTests.swift */,
			);
			path = Repositories;
			sourceTree = "<group>";
		};
		D833703C2A8BC2F700115B00 /* Local Storage */ = {
			isa = PBXGroup;
			children = (
				D833703E2A8BC31600115B00 /* MockDeliveriesLocalStorage.swift */,
			);
			path = "Local Storage";
			sourceTree = "<group>";
		};
		D833703D2A8BC30800115B00 /* Webservices */ = {
			isa = PBXGroup;
			children = (
				D83370412A8BC38800115B00 /* MockDeliveriesWebservice.swift */,
			);
			path = Webservices;
			sourceTree = "<group>";
		};
		D83370512A8D07BC00115B00 /* UI */ = {
			isa = PBXGroup;
			children = (
				D83370572A8D07EE00115B00 /* DeliveryDetailView.swift */,
			);
			path = UI;
			sourceTree = "<group>";
		};
		D83370542A8D07C500115B00 /* Presentation */ = {
			isa = PBXGroup;
			children = (
				D83370552A8D07E300115B00 /* DeliveryDetailViewModel.swift */,
			);
			path = Presentation;
			sourceTree = "<group>";
		};
/* End PBXGroup section */

/* Begin PBXNativeTarget section */
		D8336FDA2A8BAF9A00115B00 /* SwiftUI-MVVM */ = {
			isa = PBXNativeTarget;
			buildConfigurationList = D8336FFF2A8BAF9B00115B00 /* Build configuration list for PBXNativeTarget "SwiftUI-MVVM" */;
			buildPhases = (
				D8336FD72A8BAF9A00115B00 /* Sources */,
				D8336FD82A8BAF9A00115B00 /* Frameworks */,
				D8336FD92A8BAF9A00115B00 /* Resources */,
			);
			buildRules = (
			);
			dependencies = (
			);
			name = "SwiftUI-MVVM";
			productName = "SwiftUI-MVVM";
			productReference = D8336FDB2A8BAF9A00115B00 /* SwiftUI-MVVM.app */;
			productType = "com.apple.product-type.application";
		};
		D8336FEA2A8BAF9B00115B00 /* SwiftUI-MVVMTests */ = {
			isa = PBXNativeTarget;
			buildConfigurationList = D83370022A8BAF9B00115B00 /* Build configuration list for PBXNativeTarget "SwiftUI-MVVMTests" */;
			buildPhases = (
				D8336FE72A8BAF9B00115B00 /* Sources */,
				D8336FE82A8BAF9B00115B00 /* Frameworks */,
				D8336FE92A8BAF9B00115B00 /* Resources */,
			);
			buildRules = (
			);
			dependencies = (
				D8336FED2A8BAF9B00115B00 /* PBXTargetDependency */,
			);
			name = "SwiftUI-MVVMTests";
			productName = "SwiftUI-MVVMTests";
			productReference = D8336FEB2A8BAF9B00115B00 /* SwiftUI-MVVMTests.xctest */;
			productType = "com.apple.product-type.bundle.unit-test";
		};
		D8336FF42A8BAF9B00115B00 /* SwiftUI-MVVMUITests */ = {
			isa = PBXNativeTarget;
			buildConfigurationList = D83370052A8BAF9B00115B00 /* Build configuration list for PBXNativeTarget "SwiftUI-MVVMUITests" */;
			buildPhases = (
				D8336FF12A8BAF9B00115B00 /* Sources */,
				D8336FF22A8BAF9B00115B00 /* Frameworks */,
				D8336FF32A8BAF9B00115B00 /* Resources */,
			);
			buildRules = (
			);
			dependencies = (
				D8336FF72A8BAF9B00115B00 /* PBXTargetDependency */,
			);
			name = "SwiftUI-MVVMUITests";
			productName = "SwiftUI-MVVMUITests";
			productReference = D8336FF52A8BAF9B00115B00 /* SwiftUI-MVVMUITests.xctest */;
			productType = "com.apple.product-type.bundle.ui-testing";
		};
/* End PBXNativeTarget section */

/* Begin PBXProject section */
		D8336FD32A8BAF9A00115B00 /* Project object */ = {
			isa = PBXProject;
			attributes = {
				BuildIndependentTargetsInParallel = 1;
				LastSwiftUpdateCheck = 1430;
				LastUpgradeCheck = 1430;
				TargetAttributes = {
					D8336FDA2A8BAF9A00115B00 = {
						CreatedOnToolsVersion = 14.3.1;
					};
					D8336FEA2A8BAF9B00115B00 = {
						CreatedOnToolsVersion = 14.3.1;
						TestTargetID = D8336FDA2A8BAF9A00115B00;
					};
					D8336FF42A8BAF9B00115B00 = {
						CreatedOnToolsVersion = 14.3.1;
						TestTargetID = D8336FDA2A8BAF9A00115B00;
					};
				};
			};
			buildConfigurationList = D8336FD62A8BAF9A00115B00 /* Build configuration list for PBXProject "SwiftUI-MVVM" */;
			compatibilityVersion = "Xcode 14.0";
			developmentRegion = en;
			hasScannedForEncodings = 0;
			knownRegions = (
				en,
				Base,
			);
			mainGroup = D8336FD22A8BAF9A00115B00;
			productRefGroup = D8336FDC2A8BAF9A00115B00 /* Products */;
			projectDirPath = "";
			projectRoot = "";
			targets = (
				D8336FDA2A8BAF9A00115B00 /* SwiftUI-MVVM */,
				D8336FEA2A8BAF9B00115B00 /* SwiftUI-MVVMTests */,
				D8336FF42A8BAF9B00115B00 /* SwiftUI-MVVMUITests */,
			);
		};
/* End PBXProject section */

/* Begin PBXResourcesBuildPhase section */
		D8336FD92A8BAF9A00115B00 /* Resources */ = {
			isa = PBXResourcesBuildPhase;
			buildActionMask = 2147483647;
			files = (
				D8336FE62A8BAF9B00115B00 /* Preview Assets.xcassets in Resources */,
				D8336FE32A8BAF9B00115B00 /* Assets.xcassets in Resources */,
			);
			runOnlyForDeploymentPostprocessing = 0;
		};
		D8336FE92A8BAF9B00115B00 /* Resources */ = {
			isa = PBXResourcesBuildPhase;
			buildActionMask = 2147483647;
			files = (
			);
			runOnlyForDeploymentPostprocessing = 0;
		};
		D8336FF32A8BAF9B00115B00 /* Resources */ = {
			isa = PBXResourcesBuildPhase;
			buildActionMask = 2147483647;
			files = (
			);
			runOnlyForDeploymentPostprocessing = 0;
		};
/* End PBXResourcesBuildPhase section */

/* Begin PBXSourcesBuildPhase section */
		D8336FD72A8BAF9A00115B00 /* Sources */ = {
			isa = PBXSourcesBuildPhase;
			buildActionMask = 2147483647;
			files = (
				D833701B2A8BB7A200115B00 /* GetDeliveries.swift in Sources */,
				D83370502A8D01E200115B00 /* DeliveryRowViewModel.swift in Sources */,
				D83370252A8BB8D900115B00 /* DeliveriesRepositoryImpl.swift in Sources */,
				D833704A2A8CFB4200115B00 /* DeliveryListViewModel.swift in Sources */,
				D83370212A8BB81300115B00 /* DeliveriesRepository.swift in Sources */,
				D83370582A8D07EE00115B00 /* DeliveryDetailView.swift in Sources */,
				D8336FE12A8BAF9A00115B00 /* ContentView.swift in Sources */,
				D83370292A8BBA0900115B00 /* DeliveriesLocalStorage.swift in Sources */,
				D83370272A8BB92400115B00 /* DeliveriesWebservice.swift in Sources */,
				D83370122A8BB49800115B00 /* Route.swift in Sources */,
				D833704E2A8CFF8600115B00 /* DeliveryRowView.swift in Sources */,
				D83370562A8D07E300115B00 /* DeliveryDetailViewModel.swift in Sources */,
				D83370102A8BB41E00115B00 /* Delivery.swift in Sources */,
				D8336FDF2A8BAF9A00115B00 /* SwiftUI_MVVMApp.swift in Sources */,
				D83370182A8BB71100115B00 /* DeliveryListView.swift in Sources */,
				D83370142A8BB4B400115B00 /* Sender.swift in Sources */,
			);
			runOnlyForDeploymentPostprocessing = 0;
		};
		D8336FE72A8BAF9B00115B00 /* Sources */ = {
			isa = PBXSourcesBuildPhase;
			buildActionMask = 2147483647;
			files = (
				D8336FF02A8BAF9B00115B00 /* SwiftUI_MVVMTests.swift in Sources */,
				D83370462A8CF99600115B00 /* DeliveriesRepositoryTests.swift in Sources */,
				D83370352A8BBC7300115B00 /* Route+stub.swift in Sources */,
				D83370442A8BC41D00115B00 /* GetDeliveriesTests.swift in Sources */,
				D833703F2A8BC31600115B00 /* MockDeliveriesLocalStorage.swift in Sources */,
				D83370422A8BC38800115B00 /* MockDeliveriesWebservice.swift in Sources */,
				D833703B2A8BBEFB00115B00 /* MockDeliveriesRepository.swift in Sources */,
				D83370372A8BBC7800115B00 /* Sender+stub.swift in Sources */,
				D83370332A8BBC5F00115B00 /* Delivery+stub.swift in Sources */,
			);
			runOnlyForDeploymentPostprocessing = 0;
		};
		D8336FF12A8BAF9B00115B00 /* Sources */ = {
			isa = PBXSourcesBuildPhase;
			buildActionMask = 2147483647;
			files = (
				D8336FFC2A8BAF9B00115B00 /* SwiftUI_MVVMUITestsLaunchTests.swift in Sources */,
				D8336FFA2A8BAF9B00115B00 /* SwiftUI_MVVMUITests.swift in Sources */,
			);
			runOnlyForDeploymentPostprocessing = 0;
		};
/* End PBXSourcesBuildPhase section */

/* Begin PBXTargetDependency section */
		D8336FED2A8BAF9B00115B00 /* PBXTargetDependency */ = {
			isa = PBXTargetDependency;
			target = D8336FDA2A8BAF9A00115B00 /* SwiftUI-MVVM */;
			targetProxy = D8336FEC2A8BAF9B00115B00 /* PBXContainerItemProxy */;
		};
		D8336FF72A8BAF9B00115B00 /* PBXTargetDependency */ = {
			isa = PBXTargetDependency;
			target = D8336FDA2A8BAF9A00115B00 /* SwiftUI-MVVM */;
			targetProxy = D8336FF62A8BAF9B00115B00 /* PBXContainerItemProxy */;
		};
/* End PBXTargetDependency section */

/* Begin XCBuildConfiguration section */
		D8336FFD2A8BAF9B00115B00 /* Debug */ = {
			isa = XCBuildConfiguration;
			buildSettings = {
				ALWAYS_SEARCH_USER_PATHS = NO;
				CLANG_ANALYZER_NONNULL = YES;
				CLANG_ANALYZER_NUMBER_OBJECT_CONVERSION = YES_AGGRESSIVE;
				CLANG_CXX_LANGUAGE_STANDARD = "gnu++20";
				CLANG_ENABLE_MODULES = YES;
				CLANG_ENABLE_OBJC_ARC = YES;
				CLANG_ENABLE_OBJC_WEAK = YES;
				CLANG_WARN_BLOCK_CAPTURE_AUTORELEASING = YES;
				CLANG_WARN_BOOL_CONVERSION = YES;
				CLANG_WARN_COMMA = YES;
				CLANG_WARN_CONSTANT_CONVERSION = YES;
				CLANG_WARN_DEPRECATED_OBJC_IMPLEMENTATIONS = YES;
				CLANG_WARN_DIRECT_OBJC_ISA_USAGE = YES_ERROR;
				CLANG_WARN_DOCUMENTATION_COMMENTS = YES;
				CLANG_WARN_EMPTY_BODY = YES;
				CLANG_WARN_ENUM_CONVERSION = YES;
				CLANG_WARN_INFINITE_RECURSION = YES;
				CLANG_WARN_INT_CONVERSION = YES;
				CLANG_WARN_NON_LITERAL_NULL_CONVERSION = YES;
				CLANG_WARN_OBJC_IMPLICIT_RETAIN_SELF = YES;
				CLANG_WARN_OBJC_LITERAL_CONVERSION = YES;
				CLANG_WARN_OBJC_ROOT_CLASS = YES_ERROR;
				CLANG_WARN_QUOTED_INCLUDE_IN_FRAMEWORK_HEADER = YES;
				CLANG_WARN_RANGE_LOOP_ANALYSIS = YES;
				CLANG_WARN_STRICT_PROTOTYPES = YES;
				CLANG_WARN_SUSPICIOUS_MOVE = YES;
				CLANG_WARN_UNGUARDED_AVAILABILITY = YES_AGGRESSIVE;
				CLANG_WARN_UNREACHABLE_CODE = YES;
				CLANG_WARN__DUPLICATE_METHOD_MATCH = YES;
				COPY_PHASE_STRIP = NO;
				DEBUG_INFORMATION_FORMAT = dwarf;
				ENABLE_STRICT_OBJC_MSGSEND = YES;
				ENABLE_TESTABILITY = YES;
				GCC_C_LANGUAGE_STANDARD = gnu11;
				GCC_DYNAMIC_NO_PIC = NO;
				GCC_NO_COMMON_BLOCKS = YES;
				GCC_OPTIMIZATION_LEVEL = 0;
				GCC_PREPROCESSOR_DEFINITIONS = (
					"DEBUG=1",
					"$(inherited)",
				);
				GCC_WARN_64_TO_32_BIT_CONVERSION = YES;
				GCC_WARN_ABOUT_RETURN_TYPE = YES_ERROR;
				GCC_WARN_UNDECLARED_SELECTOR = YES;
				GCC_WARN_UNINITIALIZED_AUTOS = YES_AGGRESSIVE;
				GCC_WARN_UNUSED_FUNCTION = YES;
				GCC_WARN_UNUSED_VARIABLE = YES;
				IPHONEOS_DEPLOYMENT_TARGET = 16.4;
				MTL_ENABLE_DEBUG_INFO = INCLUDE_SOURCE;
				MTL_FAST_MATH = YES;
				ONLY_ACTIVE_ARCH = YES;
				SDKROOT = iphoneos;
				SWIFT_ACTIVE_COMPILATION_CONDITIONS = DEBUG;
				SWIFT_OPTIMIZATION_LEVEL = "-Onone";
			};
			name = Debug;
		};
		D8336FFE2A8BAF9B00115B00 /* Release */ = {
			isa = XCBuildConfiguration;
			buildSettings = {
				ALWAYS_SEARCH_USER_PATHS = NO;
				CLANG_ANALYZER_NONNULL = YES;
				CLANG_ANALYZER_NUMBER_OBJECT_CONVERSION = YES_AGGRESSIVE;
				CLANG_CXX_LANGUAGE_STANDARD = "gnu++20";
				CLANG_ENABLE_MODULES = YES;
				CLANG_ENABLE_OBJC_ARC = YES;
				CLANG_ENABLE_OBJC_WEAK = YES;
				CLANG_WARN_BLOCK_CAPTURE_AUTORELEASING = YES;
				CLANG_WARN_BOOL_CONVERSION = YES;
				CLANG_WARN_COMMA = YES;
				CLANG_WARN_CONSTANT_CONVERSION = YES;
				CLANG_WARN_DEPRECATED_OBJC_IMPLEMENTATIONS = YES;
				CLANG_WARN_DIRECT_OBJC_ISA_USAGE = YES_ERROR;
				CLANG_WARN_DOCUMENTATION_COMMENTS = YES;
				CLANG_WARN_EMPTY_BODY = YES;
				CLANG_WARN_ENUM_CONVERSION = YES;
				CLANG_WARN_INFINITE_RECURSION = YES;
				CLANG_WARN_INT_CONVERSION = YES;
				CLANG_WARN_NON_LITERAL_NULL_CONVERSION = YES;
				CLANG_WARN_OBJC_IMPLICIT_RETAIN_SELF = YES;
				CLANG_WARN_OBJC_LITERAL_CONVERSION = YES;
				CLANG_WARN_OBJC_ROOT_CLASS = YES_ERROR;
				CLANG_WARN_QUOTED_INCLUDE_IN_FRAMEWORK_HEADER = YES;
				CLANG_WARN_RANGE_LOOP_ANALYSIS = YES;
				CLANG_WARN_STRICT_PROTOTYPES = YES;
				CLANG_WARN_SUSPICIOUS_MOVE = YES;
				CLANG_WARN_UNGUARDED_AVAILABILITY = YES_AGGRESSIVE;
				CLANG_WARN_UNREACHABLE_CODE = YES;
				CLANG_WARN__DUPLICATE_METHOD_MATCH = YES;
				COPY_PHASE_STRIP = NO;
				DEBUG_INFORMATION_FORMAT = "dwarf-with-dsym";
				ENABLE_NS_ASSERTIONS = NO;
				ENABLE_STRICT_OBJC_MSGSEND = YES;
				GCC_C_LANGUAGE_STANDARD = gnu11;
				GCC_NO_COMMON_BLOCKS = YES;
				GCC_WARN_64_TO_32_BIT_CONVERSION = YES;
				GCC_WARN_ABOUT_RETURN_TYPE = YES_ERROR;
				GCC_WARN_UNDECLARED_SELECTOR = YES;
				GCC_WARN_UNINITIALIZED_AUTOS = YES_AGGRESSIVE;
				GCC_WARN_UNUSED_FUNCTION = YES;
				GCC_WARN_UNUSED_VARIABLE = YES;
				IPHONEOS_DEPLOYMENT_TARGET = 16.4;
				MTL_ENABLE_DEBUG_INFO = NO;
				MTL_FAST_MATH = YES;
				SDKROOT = iphoneos;
				SWIFT_COMPILATION_MODE = wholemodule;
				SWIFT_OPTIMIZATION_LEVEL = "-O";
				VALIDATE_PRODUCT = YES;
			};
			name = Release;
		};
		D83370002A8BAF9B00115B00 /* Debug */ = {
			isa = XCBuildConfiguration;
			buildSettings = {
				ASSETCATALOG_COMPILER_APPICON_NAME = AppIcon;
				ASSETCATALOG_COMPILER_GLOBAL_ACCENT_COLOR_NAME = AccentColor;
				CODE_SIGN_STYLE = Automatic;
				CURRENT_PROJECT_VERSION = 1;
				DEVELOPMENT_ASSET_PATHS = "\"SwiftUI-MVVM/Preview Content\"";
				DEVELOPMENT_TEAM = JAFGCX32HU;
				ENABLE_PREVIEWS = YES;
				GENERATE_INFOPLIST_FILE = YES;
				INFOPLIST_KEY_UIApplicationSceneManifest_Generation = YES;
				INFOPLIST_KEY_UIApplicationSupportsIndirectInputEvents = YES;
				INFOPLIST_KEY_UILaunchScreen_Generation = YES;
				INFOPLIST_KEY_UISupportedInterfaceOrientations_iPad = "UIInterfaceOrientationPortrait UIInterfaceOrientationPortraitUpsideDown UIInterfaceOrientationLandscapeLeft UIInterfaceOrientationLandscapeRight";
				INFOPLIST_KEY_UISupportedInterfaceOrientations_iPhone = "UIInterfaceOrientationPortrait UIInterfaceOrientationLandscapeLeft UIInterfaceOrientationLandscapeRight";
				LD_RUNPATH_SEARCH_PATHS = (
					"$(inherited)",
					"@executable_path/Frameworks",
				);
				MARKETING_VERSION = 1.0;
				PRODUCT_BUNDLE_IDENTIFIER = "com.jackychoi.SwiftUI-MVVM";
				PRODUCT_NAME = "$(TARGET_NAME)";
				SWIFT_EMIT_LOC_STRINGS = YES;
				SWIFT_VERSION = 5.0;
				TARGETED_DEVICE_FAMILY = "1,2";
			};
			name = Debug;
		};
		D83370012A8BAF9B00115B00 /* Release */ = {
			isa = XCBuildConfiguration;
			buildSettings = {
				ASSETCATALOG_COMPILER_APPICON_NAME = AppIcon;
				ASSETCATALOG_COMPILER_GLOBAL_ACCENT_COLOR_NAME = AccentColor;
				CODE_SIGN_STYLE = Automatic;
				CURRENT_PROJECT_VERSION = 1;
				DEVELOPMENT_ASSET_PATHS = "\"SwiftUI-MVVM/Preview Content\"";
				DEVELOPMENT_TEAM = JAFGCX32HU;
				ENABLE_PREVIEWS = YES;
				GENERATE_INFOPLIST_FILE = YES;
				INFOPLIST_KEY_UIApplicationSceneManifest_Generation = YES;
				INFOPLIST_KEY_UIApplicationSupportsIndirectInputEvents = YES;
				INFOPLIST_KEY_UILaunchScreen_Generation = YES;
				INFOPLIST_KEY_UISupportedInterfaceOrientations_iPad = "UIInterfaceOrientationPortrait UIInterfaceOrientationPortraitUpsideDown UIInterfaceOrientationLandscapeLeft UIInterfaceOrientationLandscapeRight";
				INFOPLIST_KEY_UISupportedInterfaceOrientations_iPhone = "UIInterfaceOrientationPortrait UIInterfaceOrientationLandscapeLeft UIInterfaceOrientationLandscapeRight";
				LD_RUNPATH_SEARCH_PATHS = (
					"$(inherited)",
					"@executable_path/Frameworks",
				);
				MARKETING_VERSION = 1.0;
				PRODUCT_BUNDLE_IDENTIFIER = "com.jackychoi.SwiftUI-MVVM";
				PRODUCT_NAME = "$(TARGET_NAME)";
				SWIFT_EMIT_LOC_STRINGS = YES;
				SWIFT_VERSION = 5.0;
				TARGETED_DEVICE_FAMILY = "1,2";
			};
			name = Release;
		};
		D83370032A8BAF9B00115B00 /* Debug */ = {
			isa = XCBuildConfiguration;
			buildSettings = {
				ALWAYS_EMBED_SWIFT_STANDARD_LIBRARIES = YES;
				BUNDLE_LOADER = "$(TEST_HOST)";
				CODE_SIGN_STYLE = Automatic;
				CURRENT_PROJECT_VERSION = 1;
				DEVELOPMENT_TEAM = JAFGCX32HU;
				GENERATE_INFOPLIST_FILE = YES;
				IPHONEOS_DEPLOYMENT_TARGET = 16.4;
				MARKETING_VERSION = 1.0;
				PRODUCT_BUNDLE_IDENTIFIER = "com.jackychoi.SwiftUI-MVVMTests";
				PRODUCT_NAME = "$(TARGET_NAME)";
				SWIFT_EMIT_LOC_STRINGS = NO;
				SWIFT_VERSION = 5.0;
				TARGETED_DEVICE_FAMILY = "1,2";
				TEST_HOST = "$(BUILT_PRODUCTS_DIR)/SwiftUI-MVVM.app/$(BUNDLE_EXECUTABLE_FOLDER_PATH)/SwiftUI-MVVM";
			};
			name = Debug;
		};
		D83370042A8BAF9B00115B00 /* Release */ = {
			isa = XCBuildConfiguration;
			buildSettings = {
				ALWAYS_EMBED_SWIFT_STANDARD_LIBRARIES = YES;
				BUNDLE_LOADER = "$(TEST_HOST)";
				CODE_SIGN_STYLE = Automatic;
				CURRENT_PROJECT_VERSION = 1;
				DEVELOPMENT_TEAM = JAFGCX32HU;
				GENERATE_INFOPLIST_FILE = YES;
				IPHONEOS_DEPLOYMENT_TARGET = 16.4;
				MARKETING_VERSION = 1.0;
				PRODUCT_BUNDLE_IDENTIFIER = "com.jackychoi.SwiftUI-MVVMTests";
				PRODUCT_NAME = "$(TARGET_NAME)";
				SWIFT_EMIT_LOC_STRINGS = NO;
				SWIFT_VERSION = 5.0;
				TARGETED_DEVICE_FAMILY = "1,2";
				TEST_HOST = "$(BUILT_PRODUCTS_DIR)/SwiftUI-MVVM.app/$(BUNDLE_EXECUTABLE_FOLDER_PATH)/SwiftUI-MVVM";
			};
			name = Release;
		};
		D83370062A8BAF9B00115B00 /* Debug */ = {
			isa = XCBuildConfiguration;
			buildSettings = {
				ALWAYS_EMBED_SWIFT_STANDARD_LIBRARIES = YES;
				CODE_SIGN_STYLE = Automatic;
				CURRENT_PROJECT_VERSION = 1;
				DEVELOPMENT_TEAM = JAFGCX32HU;
				GENERATE_INFOPLIST_FILE = YES;
				MARKETING_VERSION = 1.0;
				PRODUCT_BUNDLE_IDENTIFIER = "com.jackychoi.SwiftUI-MVVMUITests";
				PRODUCT_NAME = "$(TARGET_NAME)";
				SWIFT_EMIT_LOC_STRINGS = NO;
				SWIFT_VERSION = 5.0;
				TARGETED_DEVICE_FAMILY = "1,2";
				TEST_TARGET_NAME = "SwiftUI-MVVM";
			};
			name = Debug;
		};
		D83370072A8BAF9B00115B00 /* Release */ = {
			isa = XCBuildConfiguration;
			buildSettings = {
				ALWAYS_EMBED_SWIFT_STANDARD_LIBRARIES = YES;
				CODE_SIGN_STYLE = Automatic;
				CURRENT_PROJECT_VERSION = 1;
				DEVELOPMENT_TEAM = JAFGCX32HU;
				GENERATE_INFOPLIST_FILE = YES;
				MARKETING_VERSION = 1.0;
				PRODUCT_BUNDLE_IDENTIFIER = "com.jackychoi.SwiftUI-MVVMUITests";
				PRODUCT_NAME = "$(TARGET_NAME)";
				SWIFT_EMIT_LOC_STRINGS = NO;
				SWIFT_VERSION = 5.0;
				TARGETED_DEVICE_FAMILY = "1,2";
				TEST_TARGET_NAME = "SwiftUI-MVVM";
			};
			name = Release;
		};
/* End XCBuildConfiguration section */

/* Begin XCConfigurationList section */
		D8336FD62A8BAF9A00115B00 /* Build configuration list for PBXProject "SwiftUI-MVVM" */ = {
			isa = XCConfigurationList;
			buildConfigurations = (
				D8336FFD2A8BAF9B00115B00 /* Debug */,
				D8336FFE2A8BAF9B00115B00 /* Release */,
			);
			defaultConfigurationIsVisible = 0;
			defaultConfigurationName = Release;
		};
		D8336FFF2A8BAF9B00115B00 /* Build configuration list for PBXNativeTarget "SwiftUI-MVVM" */ = {
			isa = XCConfigurationList;
			buildConfigurations = (
				D83370002A8BAF9B00115B00 /* Debug */,
				D83370012A8BAF9B00115B00 /* Release */,
			);
			defaultConfigurationIsVisible = 0;
			defaultConfigurationName = Release;
		};
		D83370022A8BAF9B00115B00 /* Build configuration list for PBXNativeTarget "SwiftUI-MVVMTests" */ = {
			isa = XCConfigurationList;
			buildConfigurations = (
				D83370032A8BAF9B00115B00 /* Debug */,
				D83370042A8BAF9B00115B00 /* Release */,
			);
			defaultConfigurationIsVisible = 0;
			defaultConfigurationName = Release;
		};
		D83370052A8BAF9B00115B00 /* Build configuration list for PBXNativeTarget "SwiftUI-MVVMUITests" */ = {
			isa = XCConfigurationList;
			buildConfigurations = (
				D83370062A8BAF9B00115B00 /* Debug */,
				D83370072A8BAF9B00115B00 /* Release */,
			);
			defaultConfigurationIsVisible = 0;
			defaultConfigurationName = Release;
		};
/* End XCConfigurationList section */
	};
	rootObject = D8336FD32A8BAF9A00115B00 /* Project object */;
}
